
Microsoft Visual Studio Solution File, Format Version 12.00
# Visual Studio Version 16
VisualStudioVersion = 16.0.31613.86
MinimumVisualStudioVersion = 10.0.40219.1
Project("{2150E333-8FDC-42A3-9474-1A3956D46DE8}") = "Services", "Services", "{B639EF5A-9EB4-49BE-9CD7-E3FB4D530784}"
EndProject
Project("{2150E333-8FDC-42A3-9474-1A3956D46DE8}") = "Catalog", "Catalog", "{EBECDC0A-7341-4E03-8DC6-A52EA73FD84B}"
EndProject
Project("{9A19103F-16F7-4668-BE54-9A1E7A4F7556}") = "Catalog.API", "Services\Catalog\Catalog.API\Catalog.API.csproj", "{461B6017-0FED-4861-BDA1-814D067B34DC}"
EndProject
Project("{E53339B2-1760-4266-BCC7-CA923CBCF16C}") = "docker-compose", "docker-compose.dcproj", "{66E25924-1C4F-4755-93CD-57F946FFAD75}"
EndProject
Project("{2150E333-8FDC-42A3-9474-1A3956D46DE8}") = "Basket", "Basket", "{2CA2DB02-EC08-4012-AE04-C4DF28BF61A5}"
EndProject
Project("{FAE04EC0-301F-11D3-BF4B-00C04F79EFBC}") = "Basket.API", "Services\Basket\Basket.API\Basket.API.csproj", "{78516E09-7931-4F9E-83FE-A6FA04DEC8FC}"
EndProject
Global
	GlobalSection(SolutionConfigurationPlatforms) = preSolution
		Debug|Any CPU = Debug|Any CPU
		Release|Any CPU = Release|Any CPU
	EndGlobalSection
	GlobalSection(ProjectConfigurationPlatforms) = postSolution
		{461B6017-0FED-4861-BDA1-814D067B34DC}.Debug|Any CPU.ActiveCfg = Debug|Any CPU
		{461B6017-0FED-4861-BDA1-814D067B34DC}.Debug|Any CPU.Build.0 = Debug|Any CPU
		{461B6017-0FED-4861-BDA1-814D067B34DC}.Release|Any CPU.ActiveCfg = Release|Any CPU
		{461B6017-0FED-4861-BDA1-814D067B34DC}.Release|Any CPU.Build.0 = Release|Any CPU
		{66E25924-1C4F-4755-93CD-57F946FFAD75}.Debug|Any CPU.ActiveCfg = Debug|Any CPU
		{66E25924-1C4F-4755-93CD-57F946FFAD75}.Debug|Any CPU.Build.0 = Debug|Any CPU
		{66E25924-1C4F-4755-93CD-57F946FFAD75}.Release|Any CPU.ActiveCfg = Release|Any CPU
		{66E25924-1C4F-4755-93CD-57F946FFAD75}.Release|Any CPU.Build.0 = Release|Any CPU
		{78516E09-7931-4F9E-83FE-A6FA04DEC8FC}.Debug|Any CPU.ActiveCfg = Debug|Any CPU
		{78516E09-7931-4F9E-83FE-A6FA04DEC8FC}.Debug|Any CPU.Build.0 = Debug|Any CPU
		{78516E09-7931-4F9E-83FE-A6FA04DEC8FC}.Release|Any CPU.ActiveCfg = Release|Any CPU
		{78516E09-7931-4F9E-83FE-A6FA04DEC8FC}.Release|Any CPU.Build.0 = Release|Any CPU
	EndGlobalSection
	GlobalSection(SolutionProperties) = preSolution
		HideSolutionNode = FALSE
	EndGlobalSection
	GlobalSection(NestedProjects) = preSolution
		{EBECDC0A-7341-4E03-8DC6-A52EA73FD84B} = {B639EF5A-9EB4-49BE-9CD7-E3FB4D530784}
		{461B6017-0FED-4861-BDA1-814D067B34DC} = {EBECDC0A-7341-4E03-8DC6-A52EA73FD84B}
		{2CA2DB02-EC08-4012-AE04-C4DF28BF61A5} = {B639EF5A-9EB4-49BE-9CD7-E3FB4D530784}
		{78516E09-7931-4F9E-83FE-A6FA04DEC8FC} = {2CA2DB02-EC08-4012-AE04-C4DF28BF61A5}
	EndGlobalSection
	GlobalSection(ExtensibilityGlobals) = postSolution
		SolutionGuid = {D3DFCFF1-760D-4A72-8E30-E642EE07E0C1}
	EndGlobalSection
EndGlobal
